<?xml version="1.0" encoding="utf-8"?>
<Project ToolsVersion="4.0" xmlns="http://schemas.microsoft.com/developer/msbuild/2003">
  <ItemGroup>
    <Filter Include="Source Files">
      <UniqueIdentifier>{4FC737F1-C7A5-4376-A066-2A32D752A2FF}</UniqueIdentifier>
      <Extensions>cpp;c;cc;cxx;def;odl;idl;hpj;bat;asm;asmx</Extensions>
    </Filter>
    <Filter Include="Header Files">
      <UniqueIdentifier>{93995380-89BD-4b04-88EB-625FBE52EBFB}</UniqueIdentifier>
      <Extensions>h;hh;hpp;hxx;hm;inl;inc;xsd</Extensions>
    </Filter>
    <Filter Include="Resource Files">
      <UniqueIdentifier>{67DA6AB6-F800-4c08-8B7A-83BB121AAD01}</UniqueIdentifier>
      <Extensions>rc;ico;cur;bmp;dlg;rc2;rct;bin;rgs;gif;jpg;jpeg;jpe;resx;tiff;tif;png;wav;mfcribbon-ms</Extensions>
    </Filter>
    <Filter Include="Resource Files\Shader Files">
      <UniqueIdentifier>{92fd7d83-3758-46c1-b70d-41fc6f1e44bc}</UniqueIdentifier>
    </Filter>
    <Filter Include="Header Files\Study Files">
      <UniqueIdentifier>{f725e3ba-5305-472a-8aa2-e23cba2f1191}</UniqueIdentifier>
    </Filter>
    <Filter Include="Source Files\Study Source">
      <UniqueIdentifier>{c99cdbfd-4235-4bb3-81dd-d3748c425deb}</UniqueIdentifier>
    </Filter>
    <Filter Include="Resource Files\Shader Files\Fragment Files">
      <UniqueIdentifier>{2307b465-8280-45b1-899c-5856791c4869}</UniqueIdentifier>
    </Filter>
    <Filter Include="Resource Files\Shader Files\Vertex Files">
      <UniqueIdentifier>{419fe07e-79a5-4ca5-8849-0ea56b97ad38}</UniqueIdentifier>
    </Filter>
    <Filter Include="Header Files\Custom">
      <UniqueIdentifier>{93608dad-4f43-4115-b220-69eeb08401f3}</UniqueIdentifier>
    </Filter>
    <Filter Include="Header Files\Model">
      <UniqueIdentifier>{ac450780-b4ea-4768-9189-77ffe64eaa4a}</UniqueIdentifier>
    </Filter>
  </ItemGroup>
  <ItemGroup>
    <ClCompile Include="main.cpp">
      <Filter>Source Files</Filter>
    </ClCompile>
    <ClCompile Include="SimpleTriangle.cpp">
      <Filter>Source Files\Study Source</Filter>
    </ClCompile>
    <ClCompile Include="SimpleCube.cpp">
      <Filter>Source Files\Study Source</Filter>
    </ClCompile>
    <ClCompile Include="SimpleTransform.cpp">
      <Filter>Source Files\Study Source</Filter>
    </ClCompile>
    <ClCompile Include="FlyingCamera.cpp">
      <Filter>Source Files\Study Source</Filter>
    </ClCompile>
    <ClCompile Include="SimpleTexture.cpp">
      <Filter>Source Files\Study Source</Filter>
    </ClCompile>
    <ClCompile Include="TexturedCube.cpp">
      <Filter>Source Files\Study Source</Filter>
    </ClCompile>
    <ClCompile Include="MultiCubeRendering.cpp">
      <Filter>Source Files\Study Source</Filter>
    </ClCompile>
    <ClCompile Include="VertexIndexing.cpp">
      <Filter>Source Files\Study Source</Filter>
    </ClCompile>
    <ClCompile Include="GrassInstanced.cpp">
      <Filter>Source Files\Study Source</Filter>
    </ClCompile>
    <ClCompile Include="QuadInstanced.cpp">
      <Filter>Source Files\Study Source</Filter>
    </ClCompile>
    <ClCompile Include="IndirectDraw.cpp">
      <Filter>Source Files\Study Source</Filter>
    </ClCompile>
    <ClCompile Include="Object.cpp">
      <Filter>Source Files</Filter>
    </ClCompile>
    <ClCompile Include="ModelLoading.cpp">
      <Filter>Source Files\Study Source</Filter>
    </ClCompile>
    <ClCompile Include="Model.cpp">
      <Filter>Header Files\Model</Filter>
    </ClCompile>
    <ClCompile Include="PhysicsCubes.cpp">
      <Filter>Source Files\Study Source</Filter>
    </ClCompile>
    <ClCompile Include="BulletDebugRender.cpp">
      <Filter>Header Files\Custom</Filter>
    </ClCompile>
  </ItemGroup>
  <ItemGroup>
    <ClInclude Include="SimpleTriangle.h">
      <Filter>Header Files\Study Files</Filter>
    </ClInclude>
    <ClInclude Include="Progbase.h">
      <Filter>Header Files</Filter>
    </ClInclude>
    <ClInclude Include="Helper.h">
      <Filter>Header Files</Filter>
    </ClInclude>
    <ClInclude Include="stdafx.h">
      <Filter>Header Files</Filter>
    </ClInclude>
    <ClInclude Include="SimpleCube.h">
      <Filter>Header Files\Study Files</Filter>
    </ClInclude>
    <ClInclude Include="SimpleTransform.h">
      <Filter>Header Files\Study Files</Filter>
    </ClInclude>
    <ClInclude Include="SimpleTexture.h">
      <Filter>Header Files\Study Files</Filter>
    </ClInclude>
    <ClInclude Include="FlyingCamera.h">
      <Filter>Header Files\Study Files</Filter>
    </ClInclude>
    <ClInclude Include="PrebuiltPrimitives.h">
      <Filter>Header Files</Filter>
    </ClInclude>
    <ClInclude Include="ModifiedPhongModel.h">
      <Filter>Header Files\Study Files</Filter>
    </ClInclude>
    <ClInclude Include="TexturedCube.h">
      <Filter>Header Files\Study Files</Filter>
    </ClInclude>
    <ClInclude Include="Texture.h">
      <Filter>Header Files\Custom</Filter>
    </ClInclude>
    <ClInclude Include="Timer.h">
      <Filter>Header Files\Custom</Filter>
    </ClInclude>
    <ClInclude Include="MultiCubeRendering.h">
      <Filter>Header Files\Study Files</Filter>
    </ClInclude>
    <ClInclude Include="VertexIndexing.h">
      <Filter>Header Files\Study Files</Filter>
    </ClInclude>
    <ClInclude Include="GrassInstanced.h">
      <Filter>Header Files\Study Files</Filter>
    </ClInclude>
    <ClInclude Include="QuadInstanced.h">
      <Filter>Header Files\Study Files</Filter>
    </ClInclude>
    <ClInclude Include="IndirectDraw.h">
      <Filter>Header Files\Study Files</Filter>
    </ClInclude>
    <ClInclude Include="Object.h">
      <Filter>Header Files\Custom</Filter>
    </ClInclude>
    <ClInclude Include="FpsManager.h">
      <Filter>Header Files\Custom</Filter>
    </ClInclude>
    <ClInclude Include="OpenGLDebugger.h">
      <Filter>Header Files\Custom</Filter>
    </ClInclude>
    <ClInclude Include="ModelLoading.h">
      <Filter>Header Files\Study Files</Filter>
    </ClInclude>
    <ClInclude Include="Mesh.h">
      <Filter>Header Files\Model</Filter>
    </ClInclude>
    <ClInclude Include="Model.h">
      <Filter>Header Files\Model</Filter>
    </ClInclude>
    <ClInclude Include="PhysicsCubes.h">
      <Filter>Header Files\Study Files</Filter>
    </ClInclude>
    <ClInclude Include="BulletDebugRender.h">
      <Filter>Header Files\Custom</Filter>
    </ClInclude>
  </ItemGroup>
  <ItemGroup>
    <None Include="simplecolor.frag">
      <Filter>Resource Files\Shader Files\Fragment Files</Filter>
    </None>
    <None Include="depthvisualization.frag">
      <Filter>Resource Files\Shader Files\Fragment Files</Filter>
    </None>
    <None Include="texture.frag">
      <Filter>Resource Files\Shader Files\Fragment Files</Filter>
    </None>
    <None Include="camera.vert">
      <Filter>Resource Files\Shader Files\Vertex Files</Filter>
    </None>
    <None Include="simple.vert">
      <Filter>Resource Files\Shader Files\Vertex Files</Filter>
    </None>
    <None Include="transform.vert">
      <Filter>Resource Files\Shader Files\Vertex Files</Filter>
    </None>
    <None Include="config.ini">
      <Filter>Resource Files</Filter>
    </None>
    <None Include="multi_texture.frag">
      <Filter>Resource Files\Shader Files\Fragment Files</Filter>
    </None>
    <None Include="grass.vert">
      <Filter>Resource Files\Shader Files\Vertex Files</Filter>
    </None>
    <None Include="instanced.vert">
      <Filter>Resource Files\Shader Files\Vertex Files</Filter>
    </None>
    <None Include="indirect.vert">
      <Filter>Resource Files\Shader Files\Vertex Files</Filter>
    </None>
    <None Include="model.vert">
      <Filter>Resource Files\Shader Files\Vertex Files</Filter>
    </None>
    <None Include="model.frag">
      <Filter>Resource Files\Shader Files\Fragment Files</Filter>
    </None>
    <None Include="line.vert">
      <Filter>Resource Files\Shader Files\Vertex Files</Filter>
    </None>
  </ItemGroup>
</Project>